dependencies:
- name: postgresql
  repository: oci://registry-1.docker.io/bitnamicharts
  version: 14.2.3
- name: elasticsearch
  repository: oci://registry-1.docker.io/bitnamicharts
  version: 19.19.3
- name: redis
  repository: oci://registry-1.docker.io/bitnamicharts
  version: 18.19.4
digest: sha256:0754ea3451b0e0f0e15fa30927a3464596832e0026c6bce80660fb8fb2f7a6d4
generated: "2024-03-18T20:06:33.63232438Z"
